// !$*UTF8*$!
{
	archiveVersion = 1;
	classes = {
	};
	objectVersion = 77;
	objects = {

/* Begin PBXContainerItemProxy section */
		E4DE9AEE2EFF913800EF30AF /* PBXContainerItemProxy */ = {
			isa = PBXContainerItemProxy;
			containerPortal = E4DE9AD62EFF913600EF30AF /* Project object */;
			proxyType = 1;
			remoteGlobalIDString = E4DE9ADD2EFF913600EF30AF;
			remoteInfo = Flvr;
		};
		E4DE9AF82EFF913800EF30AF /* PBXContainerItemProxy */ = {
			isa = PBXContainerItemProxy;
			containerPortal = E4DE9AD62EFF913600EF30AF /* Project object */;
			proxyType = 1;
			remoteGlobalIDString = E4DE9ADD2EFF913600EF30AF;
			remoteInfo = Flvr;
		};
/* End PBXContainerItemProxy section */

/* Begin PBXFileReference section */
		E4DE9ADE2EFF913600EF30AF /* Flvr.app */ = {isa = PBXFileReference; explicitFileType = wrapper.application; includeInIndex = 0; path = Flvr.app; sourceTree = BUILT_PRODUCTS_DIR; };
		E4DE9AED2EFF913800EF30AF /* FlvrTests.xctest */ = {isa = PBXFileReference; explicitFileType = wrapper.cfbundle; includeInIndex = 0; path = FlvrTests.xctest; sourceTree = BUILT_PRODUCTS_DIR; };
		E4DE9AF72EFF913800EF30AF /* FlvrUITests.xctest */ = {isa = PBXFileReference; explicitFileType = wrapper.cfbundle; includeInIndex = 0; path = FlvrUITests.xctest; sourceTree = BUILT_PRODUCTS_DIR; };
/* End PBXFileReference section */

/* Begin PBXFileSystemSynchronizedRootGroup section */
		E4DE9AE02EFF913600EF30AF /* Flvr */ = {
			isa = PBXFileSystemSynchronizedRootGroup;
			path = Flvr;
			sourceTree = "<group>";
		};
		E4DE9AF02EFF913800EF30AF /* FlvrTests */ = {
			isa = PBXFileSystemSynchronizedRootGroup;
			path = FlvrTests;
			sourceTree = "<group>";
		};
		E4DE9AFA2EFF913800EF30AF /* FlvrUITests */ = {
			isa = PBXFileSystemSynchronizedRootGroup;
			path = FlvrUITests;
			sourceTree = "<group>";
		};
/* End PBXFileSystemSynchronizedRootGroup section */

/* Begin PBXFrameworksBuildPhase section */
		E4DE9ADB2EFF913600EF30AF /* Frameworks */ = {
			isa = PBXFrameworksBuildPhase;
			buildActionMask = 2147483647;
			files = (
			);
			runOnlyForDeploymentPostprocessing = 0;
		};
		E4DE9AEA2EFF913800EF30AF /* Frameworks */ = {
			isa = PBXFrameworksBuildPhase;
			buildActionMask = 2147483647;
			files = (
			);
			runOnlyForDeploymentPostprocessing = 0;
		};
		E4DE9AF42EFF913800EF30AF /* Frameworks */ = {
			isa = PBXFrameworksBuildPhase;
			buildActionMask = 2147483647;
			files = (
			);
			runOnlyForDeploymentPostprocessing = 0;
		};
/* End PBXFrameworksBuildPhase section */

/* Begin PBXGroup section */
		E4DE9AD52EFF913600EF30AF = {
			isa = PBXGroup;
			children = (
				E4DE9AE02EFF913600EF30AF /* Flvr */,
				E4DE9AF02EFF913800EF30AF /* FlvrTests */,
				E4DE9AFA2EFF913800EF30AF /* FlvrUITests */,
				E4DE9ADF2EFF913600EF30AF /* Products */,
			);
			sourceTree = "<group>";
		};
		E4DE9ADF2EFF913600EF30AF /* Products */ = {
			isa = PBXGroup;
			children = (
				E4DE9ADE2EFF913600EF30AF /* Flvr.app */,
				E4DE9AED2EFF913800EF30AF /* FlvrTests.xctest */,
				E4DE9AF72EFF913800EF30AF /* FlvrUITests.xctest */,
			);
			name = Products;
			sourceTree = "<group>";
		};
/* End PBXGroup section */

/* Begin PBXNativeTarget section */
		E4DE9ADD2EFF913600EF30AF /* Flvr */ = {
			isa = PBXNativeTarget;
			buildConfigurationList = E4DE9B012EFF913800EF30AF /* Build configuration list for PBXNativeTarget "Flvr" */;
			buildPhases = (
				E4DE9ADA2EFF913600EF30AF /* Sources */,
				E4DE9ADB2EFF913600EF30AF /* Frameworks */,
				E4DE9ADC2EFF913600EF30AF /* Resources */,
			);
			buildRules = (
			);
			dependencies = (
			);
			fileSystemSynchronizedGroups = (
				E4DE9AE02EFF913600EF30AF /* Flvr */,
			);
			name = Flvr;
			packageProductDependencies = (
			);
			productName = Flvr;
			productReference = E4DE9ADE2EFF913600EF30AF /* Flvr.app */;
			productType = "com.apple.product-type.application";
		};
		E4DE9AEC2EFF913800EF30AF /* FlvrTests */ = {
			isa = PBXNativeTarget;
			buildConfigurationList = E4DE9B042EFF913800EF30AF /* Build configuration list for PBXNativeTarget "FlvrTests" */;
			buildPhases = (
				E4DE9AE92EFF913800EF30AF /* Sources */,
				E4DE9AEA2EFF913800EF30AF /* Frameworks */,
				E4DE9AEB2EFF913800EF30AF /* Resources */,
			);
			buildRules = (
			);
			dependencies = (
				E4DE9AEF2EFF913800EF30AF /* PBXTargetDependency */,
			);
			fileSystemSynchronizedGroups = (
				E4DE9AF02EFF913800EF30AF /* FlvrTests */,
			);
			name = FlvrTests;
			packageProductDependencies = (
			);
			productName = FlvrTests;
			productReference = E4DE9AED2EFF913800EF30AF /* FlvrTests.xctest */;
			productType = "com.apple.product-type.bundle.unit-test";
		};
		E4DE9AF62EFF913800EF30AF /* FlvrUITests */ = {
			isa = PBXNativeTarget;
			buildConfigurationList = E4DE9B072EFF913800EF30AF /* Build configuration list for PBXNativeTarget "FlvrUITests" */;
			buildPhases = (
				E4DE9AF32EFF913800EF30AF /* Sources */,
				E4DE9AF42EFF913800EF30AF /* Frameworks */,
				E4DE9AF52EFF913800EF30AF /* Resources */,
			);
			buildRules = (
			);
			dependencies = (
				E4DE9AF92EFF913800EF30AF /* PBXTargetDependency */,
			);
			fileSystemSynchronizedGroups = (
				E4DE9AFA2EFF913800EF30AF /* FlvrUITests */,
			);
			name = FlvrUITests;
			packageProductDependencies = (
			);
			productName = FlvrUITests;
			productReference = E4DE9AF72EFF913800EF30AF /* FlvrUITests.xctest */;
			productType = "com.apple.product-type.bundle.ui-testing";
		};
/* End PBXNativeTarget section */

/* Begin PBXProject section */
		E4DE9AD62EFF913600EF30AF /* Project object */ = {
			isa = PBXProject;
			attributes = {
				BuildIndependentTargetsInParallel = 1;
				LastSwiftUpdateCheck = 2600;
				LastUpgradeCheck = 2600;
				TargetAttributes = {
					E4DE9ADD2EFF913600EF30AF = {
						CreatedOnToolsVersion = 26.0;
					};
					E4DE9AEC2EFF913800EF30AF = {
						CreatedOnToolsVersion = 26.0;
						TestTargetID = E4DE9ADD2EFF913600EF30AF;
					};
					E4DE9AF62EFF913800EF30AF = {
						CreatedOnToolsVersion = 26.0;
						TestTargetID = E4DE9ADD2EFF913600EF30AF;
					};
				};
			};
			buildConfigurationList = E4DE9AD92EFF913600EF30AF /* Build configuration list for PBXProject "Flvr" */;
			developmentRegion = en;
			hasScannedForEncodings = 0;
			knownRegions = (
				en,
				Base,
			);
			mainGroup = E4DE9AD52EFF913600EF30AF;
			minimizedProjectReferenceProxies = 1;
			preferredProjectObjectVersion = 77;
			productRefGroup = E4DE9ADF2EFF913600EF30AF /* Products */;
			projectDirPath = "";
			projectRoot = "";
			targets = (
				E4DE9ADD2EFF913600EF30AF /* Flvr */,
				E4DE9AEC2EFF913800EF30AF /* FlvrTests */,
				E4DE9AF62EFF913800EF30AF /* FlvrUITests */,
			);
		};
/* End PBXProject section */

/* Begin PBXResourcesBuildPhase section */
		E4DE9ADC2EFF913600EF30AF /* Resources */ = {
			isa = PBXResourcesBuildPhase;
			buildActionMask = 2147483647;
			files = (
			);
			runOnlyForDeploymentPostprocessing = 0;
		};
		E4DE9AEB2EFF913800EF30AF /* Resources */ = {
			isa = PBXResourcesBuildPhase;
			buildActionMask = 2147483647;
			files = (
			);
			runOnlyForDeploymentPostprocessing = 0;
		};
		E4DE9AF52EFF913800EF30AF /* Resources */ = {
			isa = PBXResourcesBuildPhase;
			buildActionMask = 2147483647;
			files = (
			);
			runOnlyForDeploymentPostprocessing = 0;
		};
/* End PBXResourcesBuildPhase section */

/* Begin PBXSourcesBuildPhase section */
		E4DE9ADA2EFF913600EF30AF /* Sources */ = {
			isa = PBXSourcesBuildPhase;
			buildActionMask = 2147483647;
			files = (
			);
			runOnlyForDeploymentPostprocessing = 0;
		};
		E4DE9AE92EFF913800EF30AF /* Sources */ = {
			isa = PBXSourcesBuildPhase;
			buildActionMask = 2147483647;
			files = (
			);
			runOnlyForDeploymentPostprocessing = 0;
		};
		E4DE9AF32EFF913800EF30AF /* Sources */ = {
			isa = PBXSourcesBuildPhase;
			buildActionMask = 2147483647;
			files = (
			);
			runOnlyForDeploymentPostprocessing = 0;
		};
/* End PBXSourcesBuildPhase section */

/* Begin PBXTargetDependency section */
		E4DE9AEF2EFF913800EF30AF /* PBXTargetDependency */ = {
			isa = PBXTargetDependency;
			target = E4DE9ADD2EFF913600EF30AF /* Flvr */;
			targetProxy = E4DE9AEE2EFF913800EF30AF /* PBXContainerItemProxy */;
		};
		E4DE9AF92EFF913800EF30AF /* PBXTargetDependency */ = {
			isa = PBXTargetDependency;
			target = E4DE9ADD2EFF913600EF30AF /* Flvr */;
			targetProxy = E4DE9AF82EFF913800EF30AF /* PBXContainerItemProxy */;
		};
/* End PBXTargetDependency section */

/* Begin XCBuildConfiguration section */
		E4DE9AFF2EFF913800EF30AF /* Debug */ = {
			isa = XCBuildConfiguration;
			buildSettings = {
				ALWAYS_SEARCH_USER_PATHS = NO;
				ASSETCATALOG_COMPILER_GENERATE_SWIFT_ASSET_SYMBOL_EXTENSIONS = YES;
				CLANG_ANALYZER_NONNULL = YES;
				CLANG_ANALYZER_NUMBER_OBJECT_CONVERSION = YES_AGGRESSIVE;
				CLANG_CXX_LANGUAGE_STANDARD = "gnu++20";
				CLANG_ENABLE_MODULES = YES;
				CLANG_ENABLE_OBJC_ARC = YES;
				CLANG_ENABLE_OBJC_WEAK = YES;
				CLANG_WARN_BLOCK_CAPTURE_AUTORELEASING = YES;
				CLANG_WARN_BOOL_CONVERSION = YES;
				CLANG_WARN_COMMA = YES;
				CLANG_WARN_CONSTANT_CONVERSION = YES;
				CLANG_WARN_DEPRECATED_OBJC_IMPLEMENTATIONS = YES;
				CLANG_WARN_DIRECT_OBJC_ISA_USAGE = YES_ERROR;
				CLANG_WARN_DOCUMENTATION_COMMENTS = YES;
				CLANG_WARN_EMPTY_BODY = YES;
				CLANG_WARN_ENUM_CONVERSION = YES;
				CLANG_WARN_INFINITE_RECURSION = YES;
				CLANG_WARN_INT_CONVERSION = YES;
				CLANG_WARN_NON_LITERAL_NULL_CONVERSION = YES;
				CLANG_WARN_OBJC_IMPLICIT_RETAIN_SELF = YES;
				CLANG_WARN_OBJC_LITERAL_CONVERSION = YES;
				CLANG_WARN_OBJC_ROOT_CLASS = YES_ERROR;
				CLANG_WARN_QUOTED_INCLUDE_IN_FRAMEWORK_HEADER = YES;
				CLANG_WARN_RANGE_LOOP_ANALYSIS = YES;
				CLANG_WARN_STRICT_PROTOTYPES = YES;
				CLANG_WARN_SUSPICIOUS_MOVE = YES;
				CLANG_WARN_UNGUARDED_AVAILABILITY = YES_AGGRESSIVE;
				CLANG_WARN_UNREACHABLE_CODE = YES;
				CLANG_WARN__DUPLICATE_METHOD_MATCH = YES;
				COPY_PHASE_STRIP = NO;
				DEBUG_INFORMATION_FORMAT = dwarf;
				DEVELOPMENT_TEAM = P6PV2R9443;
				ENABLE_STRICT_OBJC_MSGSEND = YES;
				ENABLE_TESTABILITY = YES;
				ENABLE_USER_SCRIPT_SANDBOXING = YES;
				GCC_C_LANGUAGE_STANDARD = gnu17;
				GCC_DYNAMIC_NO_PIC = NO;
				GCC_NO_COMMON_BLOCKS = YES;
				GCC_OPTIMIZATION_LEVEL = 0;
				GCC_PREPROCESSOR_DEFINITIONS = (
					"DEBUG=1",
					"$(inherited)",
				);
				GCC_WARN_64_TO_32_BIT_CONVERSION = YES;
				GCC_WARN_ABOUT_RETURN_TYPE = YES_ERROR;
				GCC_WARN_UNDECLARED_SELECTOR = YES;
				GCC_WARN_UNINITIALIZED_AUTOS = YES_AGGRESSIVE;
				GCC_WARN_UNUSED_FUNCTION = YES;
				GCC_WARN_UNUSED_VARIABLE = YES;
				LOCALIZATION_PREFERS_STRING_CATALOGS = YES;
				MACOSX_DEPLOYMENT_TARGET = 14.0;
				IPHONEOS_DEPLOYMENT_TARGET = 17.0;
				SUPPORTED_PLATFORMS = "macosx iphoneos iphonesimulator";
				TARGETED_DEVICE_FAMILY = "2";
				MTL_ENABLE_DEBUG_INFO = INCLUDE_SOURCE;
				MTL_FAST_MATH = YES;
				ONLY_ACTIVE_ARCH = YES;
				SDKROOT = macosx;
				SWIFT_ACTIVE_COMPILATION_CONDITIONS = "DEBUG $(inherited)";
				SWIFT_OPTIMIZATION_LEVEL = "-Onone";
			};
			name = Debug;
		};
		E4DE9B002EFF913800EF30AF /* Release */ = {
			isa = XCBuildConfiguration;
			buildSettings = {
				ALWAYS_SEARCH_USER_PATHS = NO;
				ASSETCATALOG_COMPILER_GENERATE_SWIFT_ASSET_SYMBOL_EXTENSIONS = YES;
				CLANG_ANALYZER_NONNULL = YES;
				CLANG_ANALYZER_NUMBER_OBJECT_CONVERSION = YES_AGGRESSIVE;
				CLANG_CXX_LANGUAGE_STANDARD = "gnu++20";
				CLANG_ENABLE_MODULES = YES;
				CLANG_ENABLE_OBJC_ARC = YES;
				CLANG_ENABLE_OBJC_WEAK = YES;
				CLANG_WARN_BLOCK_CAPTURE_AUTORELEASING = YES;
				CLANG_WARN_BOOL_CONVERSION = YES;
				CLANG_WARN_COMMA = YES;
				CLANG_WARN_CONSTANT_CONVERSION = YES;
				CLANG_WARN_DEPRECATED_OBJC_IMPLEMENTATIONS = YES;
				CLANG_WARN_DIRECT_OBJC_ISA_USAGE = YES_ERROR;
				CLANG_WARN_DOCUMENTATION_COMMENTS = YES;
				CLANG_WARN_EMPTY_BODY = YES;
				CLANG_WARN_ENUM_CONVERSION = YES;
				CLANG_WARN_INFINITE_RECURSION = YES;
				CLANG_WARN_INT_CONVERSION = YES;
				CLANG_WARN_NON_LITERAL_NULL_CONVERSION = YES;
				CLANG_WARN_OBJC_IMPLICIT_RETAIN_SELF = YES;
				CLANG_WARN_OBJC_LITERAL_CONVERSION = YES;
				CLANG_WARN_OBJC_ROOT_CLASS = YES_ERROR;
				CLANG_WARN_QUOTED_INCLUDE_IN_FRAMEWORK_HEADER = YES;
				CLANG_WARN_RANGE_LOOP_ANALYSIS = YES;
				CLANG_WARN_STRICT_PROTOTYPES = YES;
				CLANG_WARN_SUSPICIOUS_MOVE = YES;
				CLANG_WARN_UNGUARDED_AVAILABILITY = YES_AGGRESSIVE;
				CLANG_WARN_UNREACHABLE_CODE = YES;
				CLANG_WARN__DUPLICATE_METHOD_MATCH = YES;
				COPY_PHASE_STRIP = NO;
				DEBUG_INFORMATION_FORMAT = "dwarf-with-dsym";
				DEVELOPMENT_TEAM = P6PV2R9443;
				ENABLE_NS_ASSERTIONS = NO;
				ENABLE_STRICT_OBJC_MSGSEND = YES;
				ENABLE_USER_SCRIPT_SANDBOXING = YES;
				GCC_C_LANGUAGE_STANDARD = gnu17;
				GCC_NO_COMMON_BLOCKS = YES;
				GCC_WARN_64_TO_32_BIT_CONVERSION = YES;
				GCC_WARN_ABOUT_RETURN_TYPE = YES_ERROR;
				GCC_WARN_UNDECLARED_SELECTOR = YES;
				GCC_WARN_UNINITIALIZED_AUTOS = YES_AGGRESSIVE;
				GCC_WARN_UNUSED_FUNCTION = YES;
				GCC_WARN_UNUSED_VARIABLE = YES;
				LOCALIZATION_PREFERS_STRING_CATALOGS = YES;
				MACOSX_DEPLOYMENT_TARGET = 14.0;
				IPHONEOS_DEPLOYMENT_TARGET = 17.0;
				SUPPORTED_PLATFORMS = "macosx iphoneos iphonesimulator";
				TARGETED_DEVICE_FAMILY = "2";
				MTL_ENABLE_DEBUG_INFO = NO;
				MTL_FAST_MATH = YES;
				SDKROOT = macosx;
				SWIFT_COMPILATION_MODE = wholemodule;
			};
			name = Release;
		};
		E4DE9B022EFF913800EF30AF /* Debug */ = {
			isa = XCBuildConfiguration;
			buildSettings = {
				ASSETCATALOG_COMPILER_APPICON_NAME = AppIcon;
				ASSETCATALOG_COMPILER_GLOBAL_ACCENT_COLOR_NAME = AccentColor;
				CODE_SIGN_STYLE = Automatic;
				COMBINE_HIDPI_IMAGES = YES;
				CURRENT_PROJECT_VERSION = 1;
				DEVELOPMENT_TEAM = P6PV2R9443;
				ENABLE_APP_SANDBOX = NO;
				"com.apple.security.network.client" = YES;
				"com.apple.security.network.server" = YES;
				ENABLE_HARDENED_RUNTIME = YES;
				ENABLE_PREVIEWS = YES;
				ENABLE_USER_SELECTED_FILES = readonly;
				GENERATE_INFOPLIST_FILE = YES;
				INFOPLIST_KEY_LSUIElement = YES;
				INFOPLIST_KEY_NSHumanReadableCopyright = "";
				LD_RUNPATH_SEARCH_PATHS = (
					"$(inherited)",
					"@executable_path/../Frameworks",
				);
				MARKETING_VERSION = 1.0;
				PRODUCT_BUNDLE_IDENTIFIER = alexlam.Flvr;
				PRODUCT_NAME = "$(TARGET_NAME)";
				REGISTER_APP_GROUPS = YES;
				STRING_CATALOG_GENERATE_SYMBOLS = YES;
				SWIFT_APPROACHABLE_CONCURRENCY = YES;
				SWIFT_DEFAULT_ACTOR_ISOLATION = MainActor;
				SWIFT_EMIT_LOC_STRINGS = YES;
				SWIFT_UPCOMING_FEATURE_MEMBER_IMPORT_VISIBILITY = YES;
				SWIFT_VERSION = 5.0;
			};
			name = Debug;
		};
		E4DE9B032EFF913800EF30AF /* Release */ = {
			isa = XCBuildConfiguration;
			buildSettings = {
				ASSETCATALOG_COMPILER_APPICON_NAME = AppIcon;
				ASSETCATALOG_COMPILER_GLOBAL_ACCENT_COLOR_NAME = AccentColor;
				CODE_SIGN_STYLE = Automatic;
				COMBINE_HIDPI_IMAGES = YES;
				CURRENT_PROJECT_VERSION = 1;
				DEVELOPMENT_TEAM = P6PV2R9443;
				ENABLE_APP_SANDBOX = YES;
				"com.apple.security.network.client" = YES;
				"com.apple.security.network.server" = YES;
				ENABLE_HARDENED_RUNTIME = YES;
				ENABLE_PREVIEWS = YES;
				ENABLE_USER_SELECTED_FILES = readonly;
				GENERATE_INFOPLIST_FILE = YES;
				INFOPLIST_KEY_LSUIElement = YES;
				INFOPLIST_KEY_NSHumanReadableCopyright = "";
				LD_RUNPATH_SEARCH_PATHS = (
					"$(inherited)",
					"@executable_path/../Frameworks",
				);
				MARKETING_VERSION = 1.0;
				PRODUCT_BUNDLE_IDENTIFIER = alexlam.Flvr;
				PRODUCT_NAME = "$(TARGET_NAME)";
				REGISTER_APP_GROUPS = YES;
				STRING_CATALOG_GENERATE_SYMBOLS = YES;
				SWIFT_APPROACHABLE_CONCURRENCY = YES;
				SWIFT_DEFAULT_ACTOR_ISOLATION = MainActor;
				SWIFT_EMIT_LOC_STRINGS = YES;
				SWIFT_UPCOMING_FEATURE_MEMBER_IMPORT_VISIBILITY = YES;
				SWIFT_VERSION = 5.0;
			};
			name = Release;
		};
		E4DE9B052EFF913800EF30AF /* Debug */ = {
			isa = XCBuildConfiguration;
			buildSettings = {
				BUNDLE_LOADER = "$(TEST_HOST)";
				CODE_SIGN_STYLE = Automatic;
				CURRENT_PROJECT_VERSION = 1;
				DEVELOPMENT_TEAM = P6PV2R9443;
				GENERATE_INFOPLIST_FILE = YES;
				MACOSX_DEPLOYMENT_TARGET = 14.0;
				MARKETING_VERSION = 1.0;
				PRODUCT_BUNDLE_IDENTIFIER = alexlam.FlvrTests;
				PRODUCT_NAME = "$(TARGET_NAME)";
				STRING_CATALOG_GENERATE_SYMBOLS = NO;
				SWIFT_APPROACHABLE_CONCURRENCY = YES;
				SWIFT_EMIT_LOC_STRINGS = NO;
				SWIFT_UPCOMING_FEATURE_MEMBER_IMPORT_VISIBILITY = YES;
				SWIFT_VERSION = 5.0;
				TEST_HOST = "$(BUILT_PRODUCTS_DIR)/Flvr.app/$(BUNDLE_EXECUTABLE_FOLDER_PATH)/Flvr";
			};
			name = Debug;
		};
		E4DE9B062EFF913800EF30AF /* Release */ = {
			isa = XCBuildConfiguration;
			buildSettings = {
				BUNDLE_LOADER = "$(TEST_HOST)";
				CODE_SIGN_STYLE = Automatic;
				CURRENT_PROJECT_VERSION = 1;
				DEVELOPMENT_TEAM = P6PV2R9443;
				GENERATE_INFOPLIST_FILE = YES;
				MACOSX_DEPLOYMENT_TARGET = 14.0;
				MARKETING_VERSION = 1.0;
				PRODUCT_BUNDLE_IDENTIFIER = alexlam.FlvrTests;
				PRODUCT_NAME = "$(TARGET_NAME)";
				STRING_CATALOG_GENERATE_SYMBOLS = NO;
				SWIFT_APPROACHABLE_CONCURRENCY = YES;
				SWIFT_EMIT_LOC_STRINGS = NO;
				SWIFT_UPCOMING_FEATURE_MEMBER_IMPORT_VISIBILITY = YES;
				SWIFT_VERSION = 5.0;
				TEST_HOST = "$(BUILT_PRODUCTS_DIR)/Flvr.app/$(BUNDLE_EXECUTABLE_FOLDER_PATH)/Flvr";
			};
			name = Release;
		};
		E4DE9B082EFF913800EF30AF /* Debug */ = {
			isa = XCBuildConfiguration;
			buildSettings = {
				CODE_SIGN_STYLE = Automatic;
				CURRENT_PROJECT_VERSION = 1;
				DEVELOPMENT_TEAM = P6PV2R9443;
				GENERATE_INFOPLIST_FILE = YES;
				MARKETING_VERSION = 1.0;
				PRODUCT_BUNDLE_IDENTIFIER = alexlam.FlvrUITests;
				PRODUCT_NAME = "$(TARGET_NAME)";
				STRING_CATALOG_GENERATE_SYMBOLS = NO;
				SWIFT_APPROACHABLE_CONCURRENCY = YES;
				SWIFT_EMIT_LOC_STRINGS = NO;
				SWIFT_UPCOMING_FEATURE_MEMBER_IMPORT_VISIBILITY = YES;
				SWIFT_VERSION = 5.0;
				TEST_TARGET_NAME = Flvr;
			};
			name = Debug;
		};
		E4DE9B092EFF913800EF30AF /* Release */ = {
			isa = XCBuildConfiguration;
			buildSettings = {
				CODE_SIGN_STYLE = Automatic;
				CURRENT_PROJECT_VERSION = 1;
				DEVELOPMENT_TEAM = P6PV2R9443;
				GENERATE_INFOPLIST_FILE = YES;
				MARKETING_VERSION = 1.0;
				PRODUCT_BUNDLE_IDENTIFIER = alexlam.FlvrUITests;
				PRODUCT_NAME = "$(TARGET_NAME)";
				STRING_CATALOG_GENERATE_SYMBOLS = NO;
				SWIFT_APPROACHABLE_CONCURRENCY = YES;
				SWIFT_EMIT_LOC_STRINGS = NO;
				SWIFT_UPCOMING_FEATURE_MEMBER_IMPORT_VISIBILITY = YES;
				SWIFT_VERSION = 5.0;
				TEST_TARGET_NAME = Flvr;
			};
			name = Release;
		};
/* End XCBuildConfiguration section */

/* Begin XCConfigurationList section */
		E4DE9AD92EFF913600EF30AF /* Build configuration list for PBXProject "Flvr" */ = {
			isa = XCConfigurationList;
			buildConfigurations = (
				E4DE9AFF2EFF913800EF30AF /* Debug */,
				E4DE9B002EFF913800EF30AF /* Release */,
			);
			defaultConfigurationIsVisible = 0;
			defaultConfigurationName = Release;
		};
		E4DE9B012EFF913800EF30AF /* Build configuration list for PBXNativeTarget "Flvr" */ = {
			isa = XCConfigurationList;
			buildConfigurations = (
				E4DE9B022EFF913800EF30AF /* Debug */,
				E4DE9B032EFF913800EF30AF /* Release */,
			);
			defaultConfigurationIsVisible = 0;
			defaultConfigurationName = Release;
		};
		E4DE9B042EFF913800EF30AF /* Build configuration list for PBXNativeTarget "FlvrTests" */ = {
			isa = XCConfigurationList;
			buildConfigurations = (
				E4DE9B052EFF913800EF30AF /* Debug */,
				E4DE9B062EFF913800EF30AF /* Release */,
			);
			defaultConfigurationIsVisible = 0;
			defaultConfigurationName = Release;
		};
		E4DE9B072EFF913800EF30AF /* Build configuration list for PBXNativeTarget "FlvrUITests" */ = {
			isa = XCConfigurationList;
			buildConfigurations = (
				E4DE9B082EFF913800EF30AF /* Debug */,
				E4DE9B092EFF913800EF30AF /* Release */,
			);
			defaultConfigurationIsVisible = 0;
			defaultConfigurationName = Release;
		};
/* End XCConfigurationList section */
	};
	rootObject = E4DE9AD62EFF913600EF30AF /* Project object */;
}
